
Microsoft Visual Studio Solution File, Format Version 12.00
# Visual Studio Version 17
VisualStudioVersion = 17.13.35913.81 d17.13
MinimumVisualStudioVersion = 10.0.40219.1
Project("{FAE04EC0-301F-11D3-BF4B-00C04F79EFBC}") = "Web_Form1", "Web_Form1.csproj", "{65E9D089-8BCF-48DD-B0BF-8A9A8467838C}"
EndProject
Global
	GlobalSection(SolutionConfigurationPlatforms) = preSolution
		Debug|Any CPU = Debug|Any CPU
		Release|Any CPU = Release|Any CPU
	EndGlobalSection
	GlobalSection(ProjectConfigurationPlatforms) = postSolution
		{65E9D089-8BCF-48DD-B0BF-8A9A8467838C}.Debug|Any CPU.ActiveCfg = Debug|Any CPU
		{65E9D089-8BCF-48DD-B0BF-8A9A8467838C}.Debug|Any CPU.Build.0 = Debug|Any CPU
		{65E9D089-8BCF-48DD-B0BF-8A9A8467838C}.Release|Any CPU.ActiveCfg = Release|Any CPU
		{65E9D089-8BCF-48DD-B0BF-8A9A8467838C}.Release|Any CPU.Build.0 = Release|Any CPU
	EndGlobalSection
	GlobalSection(SolutionProperties) = preSolution
		HideSolutionNode = FALSE
	EndGlobalSection
	GlobalSection(ExtensibilityGlobals) = postSolution
		SolutionGuid = {B9B4FA0B-FC10-488C-B430-0454DD99F10C}
	EndGlobalSection
EndGlobal
